
Microsoft Visual Studio Solution File, Format Version 12.00
# Visual Studio Version 17
VisualStudioVersion = 17.14.37111.16 d17.14
MinimumVisualStudioVersion = 10.0.40219.1
Project("{FAE04EC0-301F-11D3-BF4B-00C04F79EFBC}") = "SimpleCalcuter", "SimpleCalcuter.csproj", "{C0685510-E1D9-4B1B-A336-312DAA8EFA68}"
EndProject
Global
	GlobalSection(SolutionConfigurationPlatforms) = preSolution
		Debug|Any CPU = Debug|Any CPU
		Release|Any CPU = Release|Any CPU
	EndGlobalSection
	GlobalSection(ProjectConfigurationPlatforms) = postSolution
		{C0685510-E1D9-4B1B-A336-312DAA8EFA68}.Debug|Any CPU.ActiveCfg = Debug|Any CPU
		{C0685510-E1D9-4B1B-A336-312DAA8EFA68}.Debug|Any CPU.Build.0 = Debug|Any CPU
		{C0685510-E1D9-4B1B-A336-312DAA8EFA68}.Release|Any CPU.ActiveCfg = Release|Any CPU
		{C0685510-E1D9-4B1B-A336-312DAA8EFA68}.Release|Any CPU.Build.0 = Release|Any CPU
	EndGlobalSection
	GlobalSection(SolutionProperties) = preSolution
		HideSolutionNode = FALSE
	EndGlobalSection
	GlobalSection(ExtensibilityGlobals) = postSolution
		SolutionGuid = {6BAE4E5D-7407-4675-941E-79640A530E93}
	EndGlobalSection
EndGlobal
